
Microsoft Visual Studio Solution File, Format Version 12.00
# Visual Studio Version 16
VisualStudioVersion = 16.0.32901.82
MinimumVisualStudioVersion = 10.0.40219.1
Project("{FAE04EC0-301F-11D3-BF4B-00C04F79EFBC}") = "ProjetoIntegrado", "ProjetoIntegrado\ProjetoIntegrado.csproj", "{2187B9E9-B3AB-4EAF-B0B6-26F37507DBE4}"
EndProject
Global
	GlobalSection(SolutionConfigurationPlatforms) = preSolution
		Debug|Any CPU = Debug|Any CPU
		Release|Any CPU = Release|Any CPU
	EndGlobalSection
	GlobalSection(ProjectConfigurationPlatforms) = postSolution
		{2187B9E9-B3AB-4EAF-B0B6-26F37507DBE4}.Debug|Any CPU.ActiveCfg = Debug|Any CPU
		{2187B9E9-B3AB-4EAF-B0B6-26F37507DBE4}.Debug|Any CPU.Build.0 = Debug|Any CPU
		{2187B9E9-B3AB-4EAF-B0B6-26F37507DBE4}.Release|Any CPU.ActiveCfg = Release|Any CPU
		{2187B9E9-B3AB-4EAF-B0B6-26F37507DBE4}.Release|Any CPU.Build.0 = Release|Any CPU
	EndGlobalSection
	GlobalSection(SolutionProperties) = preSolution
		HideSolutionNode = FALSE
	EndGlobalSection
	GlobalSection(ExtensibilityGlobals) = postSolution
		SolutionGuid = {29635790-78B6-4BE0-AC5D-C089E04FE7B1}
	EndGlobalSection
EndGlobal
